// !$*UTF8*$!
{
	archiveVersion = 1;
	classes = {
	};
	objectVersion = 70;
	objects = {

/* Begin PBXBuildFile section */
		8E4A762E2CC1937D00F4F7FC /* TimeTidyApp.swift in Sources */ = {isa = PBXBuildFile; fileRef = 8E4A75F32CC1937D00F4F7FC /* TimeTidyApp.swift */; };
		8E4A76302CC1937D00F4F7FC /* Launch Screen.storyboard in Resources */ = {isa = PBXBuildFile; fileRef = 8E4A75F72CC1937D00F4F7FC /* Launch Screen.storyboard */; };
		8E4A76322CC19D2C00F4F7FC /* GoogleService-Info.plist in Resources */ = {isa = PBXBuildFile; fileRef = 8E4A76312CC19D2C00F4F7FC /* GoogleService-Info.plist */; };
		8EAB57702C40226900A542D5 /* PrivacyInfo.xcprivacy in Resources */ = {isa = PBXBuildFile; fileRef = 8EAB576F2C40226900A542D5 /* PrivacyInfo.xcprivacy */; };
		F20EB1842DB9CF35007DA78E /* FirebaseCore in Frameworks */ = {isa = PBXBuildFile; productRef = F20EB1832DB9CF35007DA78E /* FirebaseCore */; };
		F20EB1862DB9CF35007DA78E /* FirebaseInstallations in Frameworks */ = {isa = PBXBuildFile; productRef = F20EB1852DB9CF35007DA78E /* FirebaseInstallations */; };
		F20EB1882DB9CF35007DA78E /* FirebaseMessaging in Frameworks */ = {isa = PBXBuildFile; productRef = F20EB1872DB9CF35007DA78E /* FirebaseMessaging */; };
		F20EB18A2DB9CF35007DA78E /* FirebaseRemoteConfig in Frameworks */ = {isa = PBXBuildFile; productRef = F20EB1892DB9CF35007DA78E /* FirebaseRemoteConfig */; };
/* End PBXBuildFile section */

/* Begin PBXFileReference section */
		8E0CC5CF2B619F6500EC52E0 /* Info.plist */ = {isa = PBXFileReference; lastKnownFileType = text.plist.xml; path = Info.plist; sourceTree = "<group>"; };
		8E4A75F32CC1937D00F4F7FC /* TimeTidyApp.swift */ = {isa = PBXFileReference; lastKnownFileType = sourcecode.swift; path = TimeTidyApp.swift; sourceTree = "<group>"; };
		8E4A75F72CC1937D00F4F7FC /* Launch Screen.storyboard */ = {isa = PBXFileReference; lastKnownFileType = file.storyboard; path = "Launch Screen.storyboard"; sourceTree = "<group>"; };
		8E4A76312CC19D2C00F4F7FC /* GoogleService-Info.plist */ = {isa = PBXFileReference; lastKnownFileType = text.plist.xml; path = "GoogleService-Info.plist"; sourceTree = "<group>"; };
		8E538E922D177FBC00CF8EE0 /* TimeTidy.entitlements */ = {isa = PBXFileReference; lastKnownFileType = text.plist.entitlements; path = TimeTidy.entitlements; sourceTree = "<group>"; };
		8EAB576F2C40226900A542D5 /* PrivacyInfo.xcprivacy */ = {isa = PBXFileReference; fileEncoding = 4; lastKnownFileType = text.xml; path = PrivacyInfo.xcprivacy; sourceTree = "<group>"; };
		8EFC1E472B554FD5005637B3 /* TimeTidy.app */ = {isa = PBXFileReference; explicitFileType = wrapper.application; includeInIndex = 0; path = TimeTidy.app; sourceTree = BUILT_PRODUCTS_DIR; };
/* End PBXFileReference section */

/* Begin PBXFileSystemSynchronizedRootGroup section */
		8EB200342CD2E45F00B5001F /* Extension */ = {isa = PBXFileSystemSynchronizedRootGroup; explicitFileTypes = {}; explicitFolders = (); path = Extension; sourceTree = "<group>"; };
		8EB2004D2CD2F12500B5001F /* Generated */ = {isa = PBXFileSystemSynchronizedRootGroup; explicitFileTypes = {}; explicitFolders = (); path = Generated; sourceTree = "<group>"; };
/* End PBXFileSystemSynchronizedRootGroup section */

/* Begin PBXFrameworksBuildPhase section */
		8EFC1E442B554FD5005637B3 /* Frameworks */ = {
			isa = PBXFrameworksBuildPhase;
			buildActionMask = 2147483647;
			files = (
				F20EB1882DB9CF35007DA78E /* FirebaseMessaging in Frameworks */,
				F20EB1842DB9CF35007DA78E /* FirebaseCore in Frameworks */,
				F20EB1862DB9CF35007DA78E /* FirebaseInstallations in Frameworks */,
				F20EB18A2DB9CF35007DA78E /* FirebaseRemoteConfig in Frameworks */,
			);
			runOnlyForDeploymentPostprocessing = 0;
		};
/* End PBXFrameworksBuildPhase section */

/* Begin PBXGroup section */
		8E59FAF42B7D0571002EFCF9 /* Frameworks */ = {
			isa = PBXGroup;
			children = (
			);
			name = Frameworks;
			sourceTree = "<group>";
		};
		8EA1137E2B56BFE800A03D97 /* Configuration */ = {
			isa = PBXGroup;
			children = (
				8E538E922D177FBC00CF8EE0 /* TimeTidy.entitlements */,
				8E4A76312CC19D2C00F4F7FC /* GoogleService-Info.plist */,
				8EAB576F2C40226900A542D5 /* PrivacyInfo.xcprivacy */,
				8E0CC5CF2B619F6500EC52E0 /* Info.plist */,
			);
			path = Configuration;
			sourceTree = "<group>";
		};
		8EFC1E3E2B554FD5005637B3 = {
			isa = PBXGroup;
			children = (
				8EA1137E2B56BFE800A03D97 /* Configuration */,
				8EFC1E492B554FD5005637B3 /* TimeTidy */,
				8EFC1E482B554FD5005637B3 /* Products */,
				8E59FAF42B7D0571002EFCF9 /* Frameworks */,
			);
			sourceTree = "<group>";
		};
		8EFC1E482B554FD5005637B3 /* Products */ = {
			isa = PBXGroup;
			children = (
				8EFC1E472B554FD5005637B3 /* TimeTidy.app */,
			);
			name = Products;
			sourceTree = "<group>";
		};
		8EFC1E492B554FD5005637B3 /* TimeTidy */ = {
			isa = PBXGroup;
			children = (
				8EB2004D2CD2F12500B5001F /* Generated */,
				8EB200342CD2E45F00B5001F /* Extension */,
				8E4A75F72CC1937D00F4F7FC /* Launch Screen.storyboard */,
				8E4A75F32CC1937D00F4F7FC /* TimeTidyApp.swift */,
			);
			path = TimeTidy;
			sourceTree = "<group>";
		};
/* End PBXGroup section */

/* Begin PBXNativeTarget section */
		8EFC1E462B554FD5005637B3 /* TimeTidy */ = {
			isa = PBXNativeTarget;
			buildConfigurationList = 8EFC1E552B554FD7005637B3 /* Build configuration list for PBXNativeTarget "TimeTidy" */;
			buildPhases = (
				8EFC1E432B554FD5005637B3 /* Sources */,
				8EFC1E442B554FD5005637B3 /* Frameworks */,
				8EFC1E452B554FD5005637B3 /* Resources */,
			);
			buildRules = (
			);
			dependencies = (
			);
			fileSystemSynchronizedGroups = (
				8EB200342CD2E45F00B5001F /* Extension */,
				8EB2004D2CD2F12500B5001F /* Generated */,
			);
			name = TimeTidy;
			packageProductDependencies = (
				F20EB1832DB9CF35007DA78E /* FirebaseCore */,
				F20EB1852DB9CF35007DA78E /* FirebaseInstallations */,
				F20EB1872DB9CF35007DA78E /* FirebaseMessaging */,
				F20EB1892DB9CF35007DA78E /* FirebaseRemoteConfig */,
			);
			productName = TimeTidy;
			productReference = 8EFC1E472B554FD5005637B3 /* TimeTidy.app */;
			productType = "com.apple.product-type.application";
		};
/* End PBXNativeTarget section */

/* Begin PBXProject section */
		8EFC1E3F2B554FD5005637B3 /* Project object */ = {
			isa = PBXProject;
			attributes = {
				BuildIndependentTargetsInParallel = 1;
				LastSwiftUpdateCheck = 1520;
				LastUpgradeCheck = 1520;
				TargetAttributes = {
					8EFC1E462B554FD5005637B3 = {
						CreatedOnToolsVersion = 15.2;
					};
				};
			};
			buildConfigurationList = 8EFC1E422B554FD5005637B3 /* Build configuration list for PBXProject "TimeTidy" */;
			compatibilityVersion = "Xcode 14.0";
			developmentRegion = en;
			hasScannedForEncodings = 0;
			knownRegions = (
				en,
				Base,
			);
			mainGroup = 8EFC1E3E2B554FD5005637B3;
			packageReferences = (
				F20EB1822DB9CF35007DA78E /* XCRemoteSwiftPackageReference "firebase-ios-sdk" */,
			);
			productRefGroup = 8EFC1E482B554FD5005637B3 /* Products */;
			projectDirPath = "";
			projectRoot = "";
			targets = (
				8EFC1E462B554FD5005637B3 /* TimeTidy */,
			);
		};
/* End PBXProject section */

/* Begin PBXResourcesBuildPhase section */
		8EFC1E452B554FD5005637B3 /* Resources */ = {
			isa = PBXResourcesBuildPhase;
			buildActionMask = 2147483647;
			files = (
				8E4A76302CC1937D00F4F7FC /* Launch Screen.storyboard in Resources */,
				8EAB57702C40226900A542D5 /* PrivacyInfo.xcprivacy in Resources */,
				8E4A76322CC19D2C00F4F7FC /* GoogleService-Info.plist in Resources */,
			);
			runOnlyForDeploymentPostprocessing = 0;
		};
/* End PBXResourcesBuildPhase section */

/* Begin PBXSourcesBuildPhase section */
		8EFC1E432B554FD5005637B3 /* Sources */ = {
			isa = PBXSourcesBuildPhase;
			buildActionMask = 2147483647;
			files = (
				8E4A762E2CC1937D00F4F7FC /* TimeTidyApp.swift in Sources */,
			);
			runOnlyForDeploymentPostprocessing = 0;
		};
/* End PBXSourcesBuildPhase section */

/* Begin XCBuildConfiguration section */
		8EFC1E532B554FD7005637B3 /* Debug */ = {
			isa = XCBuildConfiguration;
			buildSettings = {
				ALWAYS_SEARCH_USER_PATHS = NO;
				ASSETCATALOG_COMPILER_GENERATE_SWIFT_ASSET_SYMBOL_EXTENSIONS = YES;
				CLANG_ANALYZER_NONNULL = YES;
				CLANG_ANALYZER_NUMBER_OBJECT_CONVERSION = YES_AGGRESSIVE;
				CLANG_CXX_LANGUAGE_STANDARD = "gnu++20";
				CLANG_ENABLE_MODULES = YES;
				CLANG_ENABLE_OBJC_ARC = YES;
				CLANG_ENABLE_OBJC_WEAK = YES;
				CLANG_WARN_BLOCK_CAPTURE_AUTORELEASING = YES;
				CLANG_WARN_BOOL_CONVERSION = YES;
				CLANG_WARN_COMMA = YES;
				CLANG_WARN_CONSTANT_CONVERSION = YES;
				CLANG_WARN_DEPRECATED_OBJC_IMPLEMENTATIONS = YES;
				CLANG_WARN_DIRECT_OBJC_ISA_USAGE = YES_ERROR;
				CLANG_WARN_DOCUMENTATION_COMMENTS = YES;
				CLANG_WARN_EMPTY_BODY = YES;
				CLANG_WARN_ENUM_CONVERSION = YES;
				CLANG_WARN_INFINITE_RECURSION = YES;
				CLANG_WARN_INT_CONVERSION = YES;
				CLANG_WARN_NON_LITERAL_NULL_CONVERSION = YES;
				CLANG_WARN_OBJC_IMPLICIT_RETAIN_SELF = YES;
				CLANG_WARN_OBJC_LITERAL_CONVERSION = YES;
				CLANG_WARN_OBJC_ROOT_CLASS = YES_ERROR;
				CLANG_WARN_QUOTED_INCLUDE_IN_FRAMEWORK_HEADER = YES;
				CLANG_WARN_RANGE_LOOP_ANALYSIS = YES;
				CLANG_WARN_STRICT_PROTOTYPES = YES;
				CLANG_WARN_SUSPICIOUS_MOVE = YES;
				CLANG_WARN_UNGUARDED_AVAILABILITY = YES_AGGRESSIVE;
				CLANG_WARN_UNREACHABLE_CODE = YES;
				CLANG_WARN__DUPLICATE_METHOD_MATCH = YES;
				COPY_PHASE_STRIP = NO;
				DEBUG_INFORMATION_FORMAT = dwarf;
				ENABLE_DEBUG_DYLIB = YES;
				ENABLE_STRICT_OBJC_MSGSEND = YES;
				ENABLE_TESTABILITY = YES;
				ENABLE_USER_SCRIPT_SANDBOXING = YES;
				GCC_C_LANGUAGE_STANDARD = gnu17;
				GCC_DYNAMIC_NO_PIC = NO;
				GCC_NO_COMMON_BLOCKS = YES;
				GCC_OPTIMIZATION_LEVEL = 0;
				GCC_PREPROCESSOR_DEFINITIONS = (
					"DEBUG=1",
					"$(inherited)",
				);
				GCC_WARN_64_TO_32_BIT_CONVERSION = YES;
				GCC_WARN_ABOUT_RETURN_TYPE = YES_ERROR;
				GCC_WARN_UNDECLARED_SELECTOR = YES;
				GCC_WARN_UNINITIALIZED_AUTOS = YES_AGGRESSIVE;
				GCC_WARN_UNUSED_FUNCTION = YES;
				GCC_WARN_UNUSED_VARIABLE = YES;
				IPHONEOS_DEPLOYMENT_TARGET = 16.0;
				LOCALIZATION_PREFERS_STRING_CATALOGS = YES;
				MTL_ENABLE_DEBUG_INFO = INCLUDE_SOURCE;
				MTL_FAST_MATH = YES;
				ONLY_ACTIVE_ARCH = YES;
				SDKROOT = iphoneos;
				SWIFTSHIELDED = true;
				SWIFT_ACTIVE_COMPILATION_CONDITIONS = "DEBUG $(inherited)";
				SWIFT_OPTIMIZATION_LEVEL = "-Onone";
				_EXPERIMENTAL_SWIFT_EXPLICIT_MODULES = YES;
			};
			name = Debug;
		};
		8EFC1E542B554FD7005637B3 /* Release */ = {
			isa = XCBuildConfiguration;
			buildSettings = {
				ALWAYS_SEARCH_USER_PATHS = NO;
				ASSETCATALOG_COMPILER_GENERATE_SWIFT_ASSET_SYMBOL_EXTENSIONS = YES;
				CLANG_ANALYZER_NONNULL = YES;
				CLANG_ANALYZER_NUMBER_OBJECT_CONVERSION = YES_AGGRESSIVE;
				CLANG_CXX_LANGUAGE_STANDARD = "gnu++20";
				CLANG_ENABLE_MODULES = YES;
				CLANG_ENABLE_OBJC_ARC = YES;
				CLANG_ENABLE_OBJC_WEAK = YES;
				CLANG_WARN_BLOCK_CAPTURE_AUTORELEASING = YES;
				CLANG_WARN_BOOL_CONVERSION = YES;
				CLANG_WARN_COMMA = YES;
				CLANG_WARN_CONSTANT_CONVERSION = YES;
				CLANG_WARN_DEPRECATED_OBJC_IMPLEMENTATIONS = YES;
				CLANG_WARN_DIRECT_OBJC_ISA_USAGE = YES_ERROR;
				CLANG_WARN_DOCUMENTATION_COMMENTS = YES;
				CLANG_WARN_EMPTY_BODY = YES;
				CLANG_WARN_ENUM_CONVERSION = YES;
				CLANG_WARN_INFINITE_RECURSION = YES;
				CLANG_WARN_INT_CONVERSION = YES;
				CLANG_WARN_NON_LITERAL_NULL_CONVERSION = YES;
				CLANG_WARN_OBJC_IMPLICIT_RETAIN_SELF = YES;
				CLANG_WARN_OBJC_LITERAL_CONVERSION = YES;
				CLANG_WARN_OBJC_ROOT_CLASS = YES_ERROR;
				CLANG_WARN_QUOTED_INCLUDE_IN_FRAMEWORK_HEADER = YES;
				CLANG_WARN_RANGE_LOOP_ANALYSIS = YES;
				CLANG_WARN_STRICT_PROTOTYPES = YES;
				CLANG_WARN_SUSPICIOUS_MOVE = YES;
				CLANG_WARN_UNGUARDED_AVAILABILITY = YES_AGGRESSIVE;
				CLANG_WARN_UNREACHABLE_CODE = YES;
				CLANG_WARN__DUPLICATE_METHOD_MATCH = YES;
				COPY_PHASE_STRIP = NO;
				DEBUG_INFORMATION_FORMAT = "dwarf-with-dsym";
				ENABLE_DEBUG_DYLIB = YES;
				ENABLE_NS_ASSERTIONS = NO;
				ENABLE_STRICT_OBJC_MSGSEND = YES;
				ENABLE_USER_SCRIPT_SANDBOXING = YES;
				GCC_C_LANGUAGE_STANDARD = gnu17;
				GCC_NO_COMMON_BLOCKS = YES;
				GCC_WARN_64_TO_32_BIT_CONVERSION = YES;
				GCC_WARN_ABOUT_RETURN_TYPE = YES_ERROR;
				GCC_WARN_UNDECLARED_SELECTOR = YES;
				GCC_WARN_UNINITIALIZED_AUTOS = YES_AGGRESSIVE;
				GCC_WARN_UNUSED_FUNCTION = YES;
				GCC_WARN_UNUSED_VARIABLE = YES;
				IPHONEOS_DEPLOYMENT_TARGET = 16.0;
				LOCALIZATION_PREFERS_STRING_CATALOGS = YES;
				MTL_ENABLE_DEBUG_INFO = NO;
				MTL_FAST_MATH = YES;
				SDKROOT = iphoneos;
				SWIFTSHIELDED = true;
				SWIFT_COMPILATION_MODE = wholemodule;
				VALIDATE_PRODUCT = YES;
				_EXPERIMENTAL_SWIFT_EXPLICIT_MODULES = YES;
			};
			name = Release;
		};
		8EFC1E562B554FD7005637B3 /* Debug */ = {
			isa = XCBuildConfiguration;
			buildSettings = {
				ASSETCATALOG_COMPILER_APPICON_NAME = AppIcon;
				ASSETCATALOG_COMPILER_GLOBAL_ACCENT_COLOR_NAME = AccentColor;
				CODE_SIGN_ENTITLEMENTS = Configuration/TimeTidy.entitlements;
				CODE_SIGN_STYLE = Automatic;
				CURRENT_PROJECT_VERSION = 1;
				DEVELOPMENT_ASSET_PATHS = "TimeTidy/Preview\\ Content";
				DEVELOPMENT_TEAM = "";
				GENERATE_INFOPLIST_FILE = NO;
				INFOPLIST_FILE = Configuration/Info.plist;
				INFOPLIST_KEY_LSApplicationCategoryType = "public.app-category.utilities";
				INFOPLIST_KEY_UIApplicationSceneManifest_Generation = YES;
				INFOPLIST_KEY_UILaunchScreen_Generation = YES;
				INFOPLIST_KEY_UISupportedInterfaceOrientations_iPad = "UIInterfaceOrientationPortrait UIInterfaceOrientationPortraitUpsideDown UIInterfaceOrientationLandscapeLeft UIInterfaceOrientationLandscapeRight";
				INFOPLIST_KEY_UISupportedInterfaceOrientations_iPhone = "UIInterfaceOrientationPortrait UIInterfaceOrientationLandscapeLeft UIInterfaceOrientationLandscapeRight";
				IPHONEOS_DEPLOYMENT_TARGET = 16.0;
				LD_RUNPATH_SEARCH_PATHS = (
					"$(inherited)",
					"@executable_path/Frameworks",
				);
				MARKETING_VERSION = 1.0;
				OTHER_LDFLAGS = "-ObjC";
				PRODUCT_BUNDLE_IDENTIFIER = com.TimeTidy.ttdy7542;
				PRODUCT_NAME = TimeTidy;
				SUPPORTED_PLATFORMS = "iphoneos iphonesimulator";
				SUPPORTS_MACCATALYST = NO;
				SUPPORTS_MAC_DESIGNED_FOR_IPHONE_IPAD = NO;
				SUPPORTS_XR_DESIGNED_FOR_IPHONE_IPAD = NO;
				SWIFT_EMIT_LOC_STRINGS = YES;
				SWIFT_VERSION = 5.0;
				TARGETED_DEVICE_FAMILY = 1;
				_EXPERIMENTAL_SWIFT_EXPLICIT_MODULES = NO;
			};
			name = Debug;
		};
		8EFC1E572B554FD7005637B3 /* Release */ = {
			isa = XCBuildConfiguration;
			buildSettings = {
				ASSETCATALOG_COMPILER_APPICON_NAME = AppIcon;
				ASSETCATALOG_COMPILER_GLOBAL_ACCENT_COLOR_NAME = AccentColor;
				CODE_SIGN_ENTITLEMENTS = Configuration/TimeTidy.entitlements;
				CODE_SIGN_STYLE = Automatic;
				CURRENT_PROJECT_VERSION = 1;
				DEVELOPMENT_ASSET_PATHS = "TimeTidy/Preview\\ Content";
				DEVELOPMENT_TEAM = "";
				GENERATE_INFOPLIST_FILE = NO;
				INFOPLIST_FILE = Configuration/Info.plist;
				INFOPLIST_KEY_LSApplicationCategoryType = "public.app-category.utilities";
				INFOPLIST_KEY_UIApplicationSceneManifest_Generation = YES;
				INFOPLIST_KEY_UILaunchScreen_Generation = YES;
				INFOPLIST_KEY_UISupportedInterfaceOrientations_iPad = "UIInterfaceOrientationPortrait UIInterfaceOrientationPortraitUpsideDown UIInterfaceOrientationLandscapeLeft UIInterfaceOrientationLandscapeRight";
				INFOPLIST_KEY_UISupportedInterfaceOrientations_iPhone = "UIInterfaceOrientationPortrait UIInterfaceOrientationLandscapeLeft UIInterfaceOrientationLandscapeRight";
				IPHONEOS_DEPLOYMENT_TARGET = 16.0;
				LD_RUNPATH_SEARCH_PATHS = (
					"$(inherited)",
					"@executable_path/Frameworks",
				);
				MARKETING_VERSION = 1.0;
				OTHER_LDFLAGS = "-ObjC";
				PRODUCT_BUNDLE_IDENTIFIER = com.TimeTidy.ttdy7542;
				PRODUCT_NAME = TimeTidy;
				SUPPORTED_PLATFORMS = "iphoneos iphonesimulator";
				SUPPORTS_MACCATALYST = NO;
				SUPPORTS_MAC_DESIGNED_FOR_IPHONE_IPAD = NO;
				SUPPORTS_XR_DESIGNED_FOR_IPHONE_IPAD = NO;
				SWIFTSHIELDED = true;
				SWIFT_EMIT_LOC_STRINGS = YES;
				SWIFT_VERSION = 5.0;
				TARGETED_DEVICE_FAMILY = 1;
				_EXPERIMENTAL_SWIFT_EXPLICIT_MODULES = NO;
			};
			name = Release;
		};
/* End XCBuildConfiguration section */

/* Begin XCConfigurationList section */
		8EFC1E422B554FD5005637B3 /* Build configuration list for PBXProject "TimeTidy" */ = {
			isa = XCConfigurationList;
			buildConfigurations = (
				8EFC1E532B554FD7005637B3 /* Debug */,
				8EFC1E542B554FD7005637B3 /* Release */,
			);
			defaultConfigurationIsVisible = 0;
			defaultConfigurationName = Release;
		};
		8EFC1E552B554FD7005637B3 /* Build configuration list for PBXNativeTarget "TimeTidy" */ = {
			isa = XCConfigurationList;
			buildConfigurations = (
				8EFC1E562B554FD7005637B3 /* Debug */,
				8EFC1E572B554FD7005637B3 /* Release */,
			);
			defaultConfigurationIsVisible = 0;
			defaultConfigurationName = Release;
		};
/* End XCConfigurationList section */

/* Begin XCRemoteSwiftPackageReference section */
		F20EB1822DB9CF35007DA78E /* XCRemoteSwiftPackageReference "firebase-ios-sdk" */ = {
			isa = XCRemoteSwiftPackageReference;
			repositoryURL = "https://github.com/firebase/firebase-ios-sdk";
			requirement = {
				kind = upToNextMajorVersion;
				minimumVersion = 11.12.0;
			};
		};
/* End XCRemoteSwiftPackageReference section */

/* Begin XCSwiftPackageProductDependency section */
		F20EB1832DB9CF35007DA78E /* FirebaseCore */ = {
			isa = XCSwiftPackageProductDependency;
			package = F20EB1822DB9CF35007DA78E /* XCRemoteSwiftPackageReference "firebase-ios-sdk" */;
			productName = FirebaseCore;
		};
		F20EB1852DB9CF35007DA78E /* FirebaseInstallations */ = {
			isa = XCSwiftPackageProductDependency;
			package = F20EB1822DB9CF35007DA78E /* XCRemoteSwiftPackageReference "firebase-ios-sdk" */;
			productName = FirebaseInstallations;
		};
		F20EB1872DB9CF35007DA78E /* FirebaseMessaging */ = {
			isa = XCSwiftPackageProductDependency;
			package = F20EB1822DB9CF35007DA78E /* XCRemoteSwiftPackageReference "firebase-ios-sdk" */;
			productName = FirebaseMessaging;
		};
		F20EB1892DB9CF35007DA78E /* FirebaseRemoteConfig */ = {
			isa = XCSwiftPackageProductDependency;
			package = F20EB1822DB9CF35007DA78E /* XCRemoteSwiftPackageReference "firebase-ios-sdk" */;
			productName = FirebaseRemoteConfig;
		};
/* End XCSwiftPackageProductDependency section */
	};
	rootObject = 8EFC1E3F2B554FD5005637B3 /* Project object */;
}
